// !$*UTF8*$!
{
	archiveVersion = 1;
	classes = {
	};
	objectVersion = 46;
	objects = {

/* Begin PBXBuildFile section */
		802BC84F1E0937BA00F1A650 /* main.m in Sources */ = {isa = PBXBuildFile; fileRef = 802BC84E1E0937BA00F1A650 /* main.m */; };
		802BC8521E0937BA00F1A650 /* AppDelegate.m in Sources */ = {isa = PBXBuildFile; fileRef = 802BC8511E0937BA00F1A650 /* AppDelegate.m */; };
		802BC8581E0937BA00F1A650 /* Main.storyboard in Resources */ = {isa = PBXBuildFile; fileRef = 802BC8561E0937BA00F1A650 /* Main.storyboard */; };
		802BC85A1E0937BA00F1A650 /* Assets.xcassets in Resources */ = {isa = PBXBuildFile; fileRef = 802BC8591E0937BA00F1A650 /* Assets.xcassets */; };
		802BC85D1E0937BA00F1A650 /* LaunchScreen.storyboard in Resources */ = {isa = PBXBuildFile; fileRef = 802BC85B1E0937BA00F1A650 /* LaunchScreen.storyboard */; };
		802BC8661E09380900F1A650 /* ContactTableViewController.m in Sources */ = {isa = PBXBuildFile; fileRef = 802BC8651E09380900F1A650 /* ContactTableViewController.m */; };
		802BC8A11E094BAE00F1A650 /* DetailsViewController.m in Sources */ = {isa = PBXBuildFile; fileRef = 802BC8A01E094BAE00F1A650 /* DetailsViewController.m */; };
/* End PBXBuildFile section */

/* Begin PBXFileReference section */
		802BC84A1E0937BA00F1A650 /* Merger.app */ = {isa = PBXFileReference; explicitFileType = wrapper.application; includeInIndex = 0; path = Merger.app; sourceTree = BUILT_PRODUCTS_DIR; };
		802BC84E1E0937BA00F1A650 /* main.m */ = {isa = PBXFileReference; lastKnownFileType = sourcecode.c.objc; path = main.m; sourceTree = "<group>"; };
		802BC8501E0937BA00F1A650 /* AppDelegate.h */ = {isa = PBXFileReference; lastKnownFileType = sourcecode.c.h; path = AppDelegate.h; sourceTree = "<group>"; };
		802BC8511E0937BA00F1A650 /* AppDelegate.m */ = {isa = PBXFileReference; lastKnownFileType = sourcecode.c.objc; path = AppDelegate.m; sourceTree = "<group>"; };
		802BC8571E0937BA00F1A650 /* Base */ = {isa = PBXFileReference; lastKnownFileType = file.storyboard; name = Base; path = Base.lproj/Main.storyboard; sourceTree = "<group>"; };
		802BC8591E0937BA00F1A650 /* Assets.xcassets */ = {isa = PBXFileReference; lastKnownFileType = folder.assetcatalog; path = Assets.xcassets; sourceTree = "<group>"; };
		802BC85C1E0937BA00F1A650 /* Base */ = {isa = PBXFileReference; lastKnownFileType = file.storyboard; name = Base; path = Base.lproj/LaunchScreen.storyboard; sourceTree = "<group>"; };
		802BC85E1E0937BA00F1A650 /* Info.plist */ = {isa = PBXFileReference; lastKnownFileType = text.plist.xml; path = Info.plist; sourceTree = "<group>"; };
		802BC8641E09380900F1A650 /* ContactTableViewController.h */ = {isa = PBXFileReference; fileEncoding = 4; lastKnownFileType = sourcecode.c.h; path = ContactTableViewController.h; sourceTree = "<group>"; };
		802BC8651E09380900F1A650 /* ContactTableViewController.m */ = {isa = PBXFileReference; fileEncoding = 4; lastKnownFileType = sourcecode.c.objc; path = ContactTableViewController.m; sourceTree = "<group>"; };
		802BC89F1E094BAE00F1A650 /* DetailsViewController.h */ = {isa = PBXFileReference; fileEncoding = 4; lastKnownFileType = sourcecode.c.h; path = DetailsViewController.h; sourceTree = "<group>"; };
		802BC8A01E094BAE00F1A650 /* DetailsViewController.m */ = {isa = PBXFileReference; fileEncoding = 4; lastKnownFileType = sourcecode.c.objc; path = DetailsViewController.m; sourceTree = "<group>"; };
/* End PBXFileReference section */

/* Begin PBXFrameworksBuildPhase section */
		802BC8471E0937BA00F1A650 /* Frameworks */ = {
			isa = PBXFrameworksBuildPhase;
			buildActionMask = 2147483647;
			files = (
			);
			runOnlyForDeploymentPostprocessing = 0;
		};
/* End PBXFrameworksBuildPhase section */

/* Begin PBXGroup section */
		802BC8411E0937BA00F1A650 = {
			isa = PBXGroup;
			children = (
				802BC84C1E0937BA00F1A650 /* Merger */,
				802BC84B1E0937BA00F1A650 /* Products */,
			);
			sourceTree = "<group>";
		};
		802BC84B1E0937BA00F1A650 /* Products */ = {
			isa = PBXGroup;
			children = (
				802BC84A1E0937BA00F1A650 /* Merger.app */,
			);
			name = Products;
			sourceTree = "<group>";
		};
		802BC84C1E0937BA00F1A650 /* Merger */ = {
			isa = PBXGroup;
			children = (
				802BC8501E0937BA00F1A650 /* AppDelegate.h */,
				802BC8511E0937BA00F1A650 /* AppDelegate.m */,
				802BC8561E0937BA00F1A650 /* Main.storyboard */,
				802BC89F1E094BAE00F1A650 /* DetailsViewController.h */,
				802BC8A01E094BAE00F1A650 /* DetailsViewController.m */,
				802BC8641E09380900F1A650 /* ContactTableViewController.h */,
				802BC8651E09380900F1A650 /* ContactTableViewController.m */,
				802BC8591E0937BA00F1A650 /* Assets.xcassets */,
				802BC85B1E0937BA00F1A650 /* LaunchScreen.storyboard */,
				802BC85E1E0937BA00F1A650 /* Info.plist */,
				802BC84D1E0937BA00F1A650 /* Supporting Files */,
			);
			path = Merger;
			sourceTree = "<group>";
		};
		802BC84D1E0937BA00F1A650 /* Supporting Files */ = {
			isa = PBXGroup;
			children = (
				802BC84E1E0937BA00F1A650 /* main.m */,
			);
			name = "Supporting Files";
			sourceTree = "<group>";
		};
/* End PBXGroup section */

/* Begin PBXNativeTarget section */
		802BC8491E0937BA00F1A650 /* Merger */ = {
			isa = PBXNativeTarget;
			buildConfigurationList = 802BC8611E0937BA00F1A650 /* Build configuration list for PBXNativeTarget "Merger" */;
			buildPhases = (
				802BC8461E0937BA00F1A650 /* Sources */,
				802BC8471E0937BA00F1A650 /* Frameworks */,
				802BC8481E0937BA00F1A650 /* Resources */,
			);
			buildRules = (
			);
			dependencies = (
			);
			name = Merger;
			productName = Merger;
			productReference = 802BC84A1E0937BA00F1A650 /* Merger.app */;
			productType = "com.apple.product-type.application";
		};
/* End PBXNativeTarget section */

/* Begin PBXProject section */
		802BC8421E0937BA00F1A650 /* Project object */ = {
			isa = PBXProject;
			attributes = {
				LastUpgradeCheck = 0820;
				ORGANIZATIONNAME = "Sri Ram";
				TargetAttributes = {
					802BC8491E0937BA00F1A650 = {
						CreatedOnToolsVersion = 8.2;
						DevelopmentTeam = LDKBJF4W44;
						ProvisioningStyle = Automatic;
					};
				};
			};
			buildConfigurationList = 802BC8451E0937BA00F1A650 /* Build configuration list for PBXProject "Merger" */;
			compatibilityVersion = "Xcode 3.2";
			developmentRegion = English;
			hasScannedForEncodings = 0;
			knownRegions = (
				en,
				Base,
			);
			mainGroup = 802BC8411E0937BA00F1A650;
			productRefGroup = 802BC84B1E0937BA00F1A650 /* Products */;
			projectDirPath = "";
			projectRoot = "";
			targets = (
				802BC8491E0937BA00F1A650 /* Merger */,
			);
		};
/* End PBXProject section */

/* Begin PBXResourcesBuildPhase section */
		802BC8481E0937BA00F1A650 /* Resources */ = {
			isa = PBXResourcesBuildPhase;
			buildActionMask = 2147483647;
			files = (
				802BC85D1E0937BA00F1A650 /* LaunchScreen.storyboard in Resources */,
				802BC85A1E0937BA00F1A650 /* Assets.xcassets in Resources */,
				802BC8581E0937BA00F1A650 /* Main.storyboard in Resources */,
			);
			runOnlyForDeploymentPostprocessing = 0;
		};
/* End PBXResourcesBuildPhase section */

/* Begin PBXSourcesBuildPhase section */
		802BC8461E0937BA00F1A650 /* Sources */ = {
			isa = PBXSourcesBuildPhase;
			buildActionMask = 2147483647;
			files = (
				802BC8521E0937BA00F1A650 /* AppDelegate.m in Sources */,
				802BC8661E09380900F1A650 /* ContactTableViewController.m in Sources */,
				802BC84F1E0937BA00F1A650 /* main.m in Sources */,
				802BC8A11E094BAE00F1A650 /* DetailsViewController.m in Sources */,
			);
			runOnlyForDeploymentPostprocessing = 0;
		};
/* End PBXSourcesBuildPhase section */

/* Begin PBXVariantGroup section */
		802BC8561E0937BA00F1A650 /* Main.storyboard */ = {
			isa = PBXVariantGroup;
			children = (
				802BC8571E0937BA00F1A650 /* Base */,
			);
			name = Main.storyboard;
			sourceTree = "<group>";
		};
		802BC85B1E0937BA00F1A650 /* LaunchScreen.storyboard */ = {
			isa = PBXVariantGroup;
			children = (
				802BC85C1E0937BA00F1A650 /* Base */,
			);
			name = LaunchScreen.storyboard;
			sourceTree = "<group>";
		};
/* End PBXVariantGroup section */

/* Begin XCBuildConfiguration section */
		802BC85F1E0937BA00F1A650 /* Debug */ = {
			isa = XCBuildConfiguration;
			buildSettings = {
				ALWAYS_SEARCH_USER_PATHS = NO;
				CLANG_ANALYZER_NONNULL = YES;
				CLANG_CXX_LANGUAGE_STANDARD = "gnu++0x";
				CLANG_CXX_LIBRARY = "libc++";
				CLANG_ENABLE_MODULES = YES;
				CLANG_ENABLE_OBJC_ARC = YES;
				CLANG_WARN_BOOL_CONVERSION = YES;
				CLANG_WARN_CONSTANT_CONVERSION = YES;
				CLANG_WARN_DIRECT_OBJC_ISA_USAGE = YES_ERROR;
				CLANG_WARN_DOCUMENTATION_COMMENTS = YES;
				CLANG_WARN_EMPTY_BODY = YES;
				CLANG_WARN_ENUM_CONVERSION = YES;
				CLANG_WARN_INFINITE_RECURSION = YES;
				CLANG_WARN_INT_CONVERSION = YES;
				CLANG_WARN_OBJC_ROOT_CLASS = YES_ERROR;
				CLANG_WARN_SUSPICIOUS_MOVE = YES;
				CLANG_WARN_UNREACHABLE_CODE = YES;
				CLANG_WARN__DUPLICATE_METHOD_MATCH = YES;
				"CODE_SIGN_IDENTITY[sdk=iphoneos*]" = "iPhone Developer";
				COPY_PHASE_STRIP = NO;
				DEBUG_INFORMATION_FORMAT = dwarf;
				ENABLE_STRICT_OBJC_MSGSEND = YES;
				ENABLE_TESTABILITY = YES;
				GCC_C_LANGUAGE_STANDARD = gnu99;
				GCC_DYNAMIC_NO_PIC = NO;
				GCC_NO_COMMON_BLOCKS = YES;
				GCC_OPTIMIZATION_LEVEL = 0;
				GCC_PREPROCESSOR_DEFINITIONS = (
					"DEBUG=1",
					"$(inherited)",
				);
				GCC_WARN_64_TO_32_BIT_CONVERSION = YES;
				GCC_WARN_ABOUT_RETURN_TYPE = YES_ERROR;
				GCC_WARN_UNDECLARED_SELECTOR = YES;
				GCC_WARN_UNINITIALIZED_AUTOS = YES_AGGRESSIVE;
				GCC_WARN_UNUSED_FUNCTION = YES;
				GCC_WARN_UNUSED_VARIABLE = YES;
				IPHONEOS_DEPLOYMENT_TARGET = 10.2;
				MTL_ENABLE_DEBUG_INFO = YES;
				ONLY_ACTIVE_ARCH = YES;
				SDKROOT = iphoneos;
			};
			name = Debug;
		};
		802BC8601E0937BA00F1A650 /* Release */ = {
			isa = XCBuildConfiguration;
			buildSettings = {
				ALWAYS_SEARCH_USER_PATHS = NO;
				CLANG_ANALYZER_NONNULL = YES;
				CLANG_CXX_LANGUAGE_STANDARD = "gnu++0x";
				CLANG_CXX_LIBRARY = "libc++";
				CLANG_ENABLE_MODULES = YES;
				CLANG_ENABLE_OBJC_ARC = YES;
				CLANG_WARN_BOOL_CONVERSION = YES;
				CLANG_WARN_CONSTANT_CONVERSION = YES;
				CLANG_WARN_DIRECT_OBJC_ISA_USAGE = YES_ERROR;
				CLANG_WARN_DOCUMENTATION_COMMENTS = YES;
				CLANG_WARN_EMPTY_BODY = YES;
				CLANG_WARN_ENUM_CONVERSION = YES;
				CLANG_WARN_INFINITE_RECURSION = YES;
				CLANG_WARN_INT_CONVERSION = YES;
				CLANG_WARN_OBJC_ROOT_CLASS = YES_ERROR;
				CLANG_WARN_SUSPICIOUS_MOVE = YES;
				CLANG_WARN_UNREACHABLE_CODE = YES;
				CLANG_WARN__DUPLICATE_METHOD_MATCH = YES;
				"CODE_SIGN_IDENTITY[sdk=iphoneos*]" = "iPhone Developer";
				COPY_PHASE_STRIP = NO;
				DEBUG_INFORMATION_FORMAT = "dwarf-with-dsym";
				ENABLE_NS_ASSERTIONS = NO;
				ENABLE_STRICT_OBJC_MSGSEND = YES;
				GCC_C_LANGUAGE_STANDARD = gnu99;
				GCC_NO_COMMON_BLOCKS = YES;
				GCC_WARN_64_TO_32_BIT_CONVERSION = YES;
				GCC_WARN_ABOUT_RETURN_TYPE = YES_ERROR;
				GCC_WARN_UNDECLARED_SELECTOR = YES;
				GCC_WARN_UNINITIALIZED_AUTOS = YES_AGGRESSIVE;
				GCC_WARN_UNUSED_FUNCTION = YES;
				GCC_WARN_UNUSED_VARIABLE = YES;
				IPHONEOS_DEPLOYMENT_TARGET = 10.2;
				MTL_ENABLE_DEBUG_INFO = NO;
				SDKROOT = iphoneos;
				VALIDATE_PRODUCT = YES;
			};
			name = Release;
		};
		802BC8621E0937BA00F1A650 /* Debug */ = {
			isa = XCBuildConfiguration;
			buildSettings = {
				ASSETCATALOG_COMPILER_APPICON_NAME = AppIcon;
				DEVELOPMENT_TEAM = LDKBJF4W44;
				INFOPLIST_FILE = Merger/Info.plist;
				LD_RUNPATH_SEARCH_PATHS = "$(inherited) @executable_path/Frameworks";
				PRODUCT_BUNDLE_IDENTIFIER = com.Sriram.Merger.Merger;
				PRODUCT_NAME = "$(TARGET_NAME)";
			};
			name = Debug;
		};
		802BC8631E0937BA00F1A650 /* Release */ = {
			isa = XCBuildConfiguration;
			buildSettings = {
				ASSETCATALOG_COMPILER_APPICON_NAME = AppIcon;
				DEVELOPMENT_TEAM = LDKBJF4W44;
				INFOPLIST_FILE = Merger/Info.plist;
				LD_RUNPATH_SEARCH_PATHS = "$(inherited) @executable_path/Frameworks";
				PRODUCT_BUNDLE_IDENTIFIER = com.Sriram.Merger.Merger;
				PRODUCT_NAME = "$(TARGET_NAME)";
			};
			name = Release;
		};
/* End XCBuildConfiguration section */

/* Begin XCConfigurationList section */
		802BC8451E0937BA00F1A650 /* Build configuration list for PBXProject "Merger" */ = {
			isa = XCConfigurationList;
			buildConfigurations = (
				802BC85F1E0937BA00F1A650 /* Debug */,
				802BC8601E0937BA00F1A650 /* Release */,
			);
			defaultConfigurationIsVisible = 0;
			defaultConfigurationName = Release;
		};
		802BC8611E0937BA00F1A650 /* Build configuration list for PBXNativeTarget "Merger" */ = {
			isa = XCConfigurationList;
			buildConfigurations = (
				802BC8621E0937BA00F1A650 /* Debug */,
				802BC8631E0937BA00F1A650 /* Release */,
			);
			defaultConfigurationIsVisible = 0;
		};
/* End XCConfigurationList section */
	};
	rootObject = 802BC8421E0937BA00F1A650 /* Project object */;
}
